
Microsoft Visual Studio Solution File, Format Version 12.00
# Visual Studio Version 16
VisualStudioVersion = 16.0.30225.117
MinimumVisualStudioVersion = 10.0.40219.1
Project("{FAE04EC0-301F-11D3-BF4B-00C04F79EFBC}") = "01 - Sliding Window", "01 - Sliding Window\01 - Sliding Window.csproj", "{2212DE73-4D62-4D32-B419-DBF3B35AAEFE}"
EndProject
Global
	GlobalSection(SolutionConfigurationPlatforms) = preSolution
		Debug|Any CPU = Debug|Any CPU
		Release|Any CPU = Release|Any CPU
	EndGlobalSection
	GlobalSection(ProjectConfigurationPlatforms) = postSolution
		{2212DE73-4D62-4D32-B419-DBF3B35AAEFE}.Debug|Any CPU.ActiveCfg = Debug|Any CPU
		{2212DE73-4D62-4D32-B419-DBF3B35AAEFE}.Debug|Any CPU.Build.0 = Debug|Any CPU
		{2212DE73-4D62-4D32-B419-DBF3B35AAEFE}.Release|Any CPU.ActiveCfg = Release|Any CPU
		{2212DE73-4D62-4D32-B419-DBF3B35AAEFE}.Release|Any CPU.Build.0 = Release|Any CPU
	EndGlobalSection
	GlobalSection(SolutionProperties) = preSolution
		HideSolutionNode = FALSE
	EndGlobalSection
	GlobalSection(ExtensibilityGlobals) = postSolution
		SolutionGuid = {233D57E1-24B3-431C-99A7-039843045822}
	EndGlobalSection
EndGlobal
